{
  "name": "codeseed-currency-convertor-package",
  "version": "1.0.0",
  "lockfileVersion": 3,
  "requires": true,
  "packages": {
    "": {
      "name": "codeseed-currency-convertor-package",
      "version": "1.0.0",
      "license": "ISC",
      "dependencies": {
        "codeseed-currency-convertor-package": "^1.0.0"
      }
    },
    "node_modules/codeseed-currency-convertor-package": {
      "version": "1.0.0",
      "resolved": "https://registry.npmjs.org/codeseed-currency-convertor-package/-/codeseed-currency-convertor-package-1.0.0.tgz",
      "integrity": "sha512-7pwrP7DgqJTUaaEU2wo3QpcV14x9sm78Ed8xUApqpl5MM4Y/7n3dfuajE5CsJzLypPYOvguM1vY29tlAZM5yEw=="
    }
  }
}
